
Microsoft Visual Studio Solution File, Format Version 12.00
Project("{FAE04EC0-301F-11D3-BF4B-00C04F79EFBC}") = "Common", "Common\Common.csproj", "{1785F89D-268A-47B4-BE6C-B89145C4EAC7}"
EndProject
Project("{FAE04EC0-301F-11D3-BF4B-00C04F79EFBC}") = "Common.Tests", "Common.Tests\Common.Tests.csproj", "{6198DB3D-FC52-472F-9857-E2C86E418A80}"
EndProject
Project("{2150E333-8FDC-42A3-9474-1A3956D46DE8}") = "Data", "Data", "{655E4E4D-3C4D-48CD-AE4C-F17B850957A6}"
EndProject
Project("{FAE04EC0-301F-11D3-BF4B-00C04F79EFBC}") = "InMemory", "InMemory\InMemory.csproj", "{9243FA9E-1227-488B-B61D-72B670016941}"
EndProject
Project("{FAE04EC0-301F-11D3-BF4B-00C04F79EFBC}") = "InMemory.Tests", "InMemory.Tests\InMemory.Tests.csproj", "{02697007-EB1F-4848-B29D-256A58C41AF0}"
EndProject
Project("{2150E333-8FDC-42A3-9474-1A3956D46DE8}") = "InMemory", "InMemory", "{B4B71B43-AFEE-4F75-8AEB-FAAC019CBF01}"
EndProject
Global
	GlobalSection(SolutionConfigurationPlatforms) = preSolution
		Debug|Any CPU = Debug|Any CPU
		Release|Any CPU = Release|Any CPU
	EndGlobalSection
	GlobalSection(ProjectConfigurationPlatforms) = postSolution
		{1785F89D-268A-47B4-BE6C-B89145C4EAC7}.Debug|Any CPU.ActiveCfg = Debug|Any CPU
		{1785F89D-268A-47B4-BE6C-B89145C4EAC7}.Debug|Any CPU.Build.0 = Debug|Any CPU
		{1785F89D-268A-47B4-BE6C-B89145C4EAC7}.Release|Any CPU.ActiveCfg = Release|Any CPU
		{1785F89D-268A-47B4-BE6C-B89145C4EAC7}.Release|Any CPU.Build.0 = Release|Any CPU
		{6198DB3D-FC52-472F-9857-E2C86E418A80}.Debug|Any CPU.ActiveCfg = Debug|Any CPU
		{6198DB3D-FC52-472F-9857-E2C86E418A80}.Debug|Any CPU.Build.0 = Debug|Any CPU
		{6198DB3D-FC52-472F-9857-E2C86E418A80}.Release|Any CPU.ActiveCfg = Release|Any CPU
		{6198DB3D-FC52-472F-9857-E2C86E418A80}.Release|Any CPU.Build.0 = Release|Any CPU
		{9243FA9E-1227-488B-B61D-72B670016941}.Debug|Any CPU.ActiveCfg = Debug|Any CPU
		{9243FA9E-1227-488B-B61D-72B670016941}.Debug|Any CPU.Build.0 = Debug|Any CPU
		{9243FA9E-1227-488B-B61D-72B670016941}.Release|Any CPU.ActiveCfg = Release|Any CPU
		{9243FA9E-1227-488B-B61D-72B670016941}.Release|Any CPU.Build.0 = Release|Any CPU
		{02697007-EB1F-4848-B29D-256A58C41AF0}.Debug|Any CPU.ActiveCfg = Debug|Any CPU
		{02697007-EB1F-4848-B29D-256A58C41AF0}.Debug|Any CPU.Build.0 = Debug|Any CPU
		{02697007-EB1F-4848-B29D-256A58C41AF0}.Release|Any CPU.ActiveCfg = Release|Any CPU
		{02697007-EB1F-4848-B29D-256A58C41AF0}.Release|Any CPU.Build.0 = Release|Any CPU
	EndGlobalSection
	GlobalSection(NestedProjects) = preSolution
		{B4B71B43-AFEE-4F75-8AEB-FAAC019CBF01} = {655E4E4D-3C4D-48CD-AE4C-F17B850957A6}
		{9243FA9E-1227-488B-B61D-72B670016941} = {B4B71B43-AFEE-4F75-8AEB-FAAC019CBF01}
		{02697007-EB1F-4848-B29D-256A58C41AF0} = {B4B71B43-AFEE-4F75-8AEB-FAAC019CBF01}
	EndGlobalSection
EndGlobal
